<Solution>
  <Folder Name="/Frontends/">
    <Project Path="Frontends/MultiShop.WebUI/MultiShop.WebUI.csproj" Id="5dd130ff-001a-4ac2-b392-f49aad4a249d" />
  </Folder>
  <Folder Name="/IdentityServer/">
    <Project Path="IdentityServer/MultiShop.IdentityServer/MultiShop.IdentityServer.csproj" />
  </Folder>
  <Folder Name="/Services/" />
  <Folder Name="/Services/Basket/">
    <Project Path="Services/Basket/MultiShop.Basket/MultiShop.Basket.csproj" Id="f729ed6c-1a5d-4873-9a0c-6434e3ae8f35" />
  </Folder>
  <Folder Name="/Services/Cargo/">
    <Project Path="Services/Cargo/MultiShop.Cargo.BusinessLayer/MultiShop.Cargo.BusinessLayer.csproj" Id="6b0d5ea3-67fe-4fb0-8d83-cdc637122ac0" />
    <Project Path="Services/Cargo/MultiShop.Cargo.DataAccessLayer/MultiShop.Cargo.DataAccessLayer.csproj" Id="990b65c6-2fff-4266-84c3-608ebb78ded4" />
    <Project Path="Services/Cargo/MultiShop.Cargo.DtoLayer/MultiShop.Cargo.DtoLayer.csproj" Id="03c761f3-f4fb-4bb9-a946-e16409f6b9f4" />
    <Project Path="Services/Cargo/MultiShop.Cargo.EntityLayer/MultiShop.Cargo.EntityLayer.csproj" Id="0cbf6549-c638-4fbe-85b6-cda695aee1fc" />
    <Project Path="Services/Cargo/MultiShop.Cargo.WebApi/MultiShop.Cargo.WebApi.csproj" Id="9c3d5a46-32de-4ec5-a1f8-63741861294f" />
  </Folder>
  <Folder Name="/Services/Catalog/">
    <Project Path="Services/Catalog/MultiShop.Catalog/MultiShop.Catalog.csproj" />
  </Folder>
  <Folder Name="/Services/Discount/">
    <Project Path="Services/Discount/MultiShop.Discount/MultiShop.Discount.csproj" Id="c90d6b6c-dd6a-410a-8b3a-73012b43c295" />
  </Folder>
  <Folder Name="/Services/Order/" />
  <Folder Name="/Services/Order/Core/">
    <Project Path="Services/Order/Core/MultiShop.Order.Application/MultiShop.Order.Application.csproj" Id="010c1082-21b1-4670-877c-2b99e5941345" />
    <Project Path="Services/Order/Core/MultiShop.Order.Domain/MultiShop.Order.Domain.csproj" Id="1dfb2729-b122-43c5-8361-7784c2a2c9db" />
  </Folder>
  <Folder Name="/Services/Order/Infrastructure/">
    <Project Path="Services/Order/Infrastructure/MultiShop.Order.Persistence/MultiShop.Order.Persistence.csproj" Id="49c78fb5-5751-4510-82b2-99094f78b76d" />
  </Folder>
  <Folder Name="/Services/Order/Presentation/">
    <Project Path="Services/Order/Presentation/MultiShop.Order.WebApi/MultiShop.Order.WebApi.csproj" Id="2119848b-7929-4d82-a2dc-1a0f23eb355b" />
  </Folder>
</Solution>
