<Solution>
  <Folder Name="/IdentityServer/">
    <Project Path="IdentityServer/MultiShop.IdentityServer/MultiShop.IdentityServer.csproj" />
  </Folder>
  <Folder Name="/Services/" />
  <Folder Name="/Services/Catalog/">
    <Project Path="Services/Catalog/MultiShop.Catalog/MultiShop.Catalog.csproj" />
  </Folder>
  <Folder Name="/Services/Discount/">
    <Project Path="Services/Discount/MultiShop.Discount/MultiShop.Discount.csproj" Id="c90d6b6c-dd6a-410a-8b3a-73012b43c295" />
  </Folder>
  <Folder Name="/Services/Order/" />
  <Folder Name="/Services/Order/Core/">
    <Project Path="Services/Order/Core/MultiShop.Order.Application/MultiShop.Order.Application.csproj" Id="010c1082-21b1-4670-877c-2b99e5941345" />
    <Project Path="Services/Order/Core/MultiShop.Order.Domain/MultiShop.Order.Domain.csproj" Id="1dfb2729-b122-43c5-8361-7784c2a2c9db" />
  </Folder>
  <Folder Name="/Services/Order/Infrastructure/">
    <Project Path="Services/Order/Infrastructure/MultiShop.Order.Persistence/MultiShop.Order.Persistence.csproj" Id="49c78fb5-5751-4510-82b2-99094f78b76d" />
  </Folder>
  <Folder Name="/Services/Order/Presentation/">
    <Project Path="Services/Order/Presentation/MultiShop.Order.WebApi/MultiShop.Order.WebApi.csproj" Id="2119848b-7929-4d82-a2dc-1a0f23eb355b" />
  </Folder>
</Solution>
